
Microsoft Visual Studio Solution File, Format Version 12.00
# Visual Studio Version 17
VisualStudioVersion = 17.11.35327.3
MinimumVisualStudioVersion = 10.0.40219.1
Project("{FAE04EC0-301F-11D3-BF4B-00C04F79EFBC}") = "SpacecraftTracker.WebAPI", "SpacecraftTracker\SpacecraftTracker.WebAPI.csproj", "{C0ED612D-169F-4E2A-A62F-83B8B04C823E}"
EndProject
Project("{FAE04EC0-301F-11D3-BF4B-00C04F79EFBC}") = "SpacecraftTracker.Domain", "SpacecraftTracker.Domain\SpacecraftTracker.Domain.csproj", "{896FA940-4C55-459D-B556-B6BDC21EC221}"
EndProject
Project("{FAE04EC0-301F-11D3-BF4B-00C04F79EFBC}") = "SpacecraftTracker.Service", "SpacecraftTracker.Service\SpacecraftTracker.Service.csproj", "{94D50A18-812A-485A-A420-738EB5E52A91}"
EndProject
Project("{FAE04EC0-301F-11D3-BF4B-00C04F79EFBC}") = "SpacecraftTracker.Persistence", "SpacecraftTracker.Persistence\SpacecraftTracker.Persistence.csproj", "{3FD1FB4E-15D0-4031-90EF-DC7DF03EC079}"
EndProject
Project("{FAE04EC0-301F-11D3-BF4B-00C04F79EFBC}") = "SpacecraftTracker.Tests", "SpacecraftTracker.Tests\SpacecraftTracker.Tests.csproj", "{9EA5F4A2-9654-4D41-871D-479E879D25A4}"
EndProject
Global
	GlobalSection(SolutionConfigurationPlatforms) = preSolution
		Debug|Any CPU = Debug|Any CPU
		Release|Any CPU = Release|Any CPU
	EndGlobalSection
	GlobalSection(ProjectConfigurationPlatforms) = postSolution
		{C0ED612D-169F-4E2A-A62F-83B8B04C823E}.Debug|Any CPU.ActiveCfg = Debug|Any CPU
		{C0ED612D-169F-4E2A-A62F-83B8B04C823E}.Debug|Any CPU.Build.0 = Debug|Any CPU
		{C0ED612D-169F-4E2A-A62F-83B8B04C823E}.Release|Any CPU.ActiveCfg = Release|Any CPU
		{C0ED612D-169F-4E2A-A62F-83B8B04C823E}.Release|Any CPU.Build.0 = Release|Any CPU
		{896FA940-4C55-459D-B556-B6BDC21EC221}.Debug|Any CPU.ActiveCfg = Debug|Any CPU
		{896FA940-4C55-459D-B556-B6BDC21EC221}.Debug|Any CPU.Build.0 = Debug|Any CPU
		{896FA940-4C55-459D-B556-B6BDC21EC221}.Release|Any CPU.ActiveCfg = Release|Any CPU
		{896FA940-4C55-459D-B556-B6BDC21EC221}.Release|Any CPU.Build.0 = Release|Any CPU
		{94D50A18-812A-485A-A420-738EB5E52A91}.Debug|Any CPU.ActiveCfg = Debug|Any CPU
		{94D50A18-812A-485A-A420-738EB5E52A91}.Debug|Any CPU.Build.0 = Debug|Any CPU
		{94D50A18-812A-485A-A420-738EB5E52A91}.Release|Any CPU.ActiveCfg = Release|Any CPU
		{94D50A18-812A-485A-A420-738EB5E52A91}.Release|Any CPU.Build.0 = Release|Any CPU
		{3FD1FB4E-15D0-4031-90EF-DC7DF03EC079}.Debug|Any CPU.ActiveCfg = Debug|Any CPU
		{3FD1FB4E-15D0-4031-90EF-DC7DF03EC079}.Debug|Any CPU.Build.0 = Debug|Any CPU
		{3FD1FB4E-15D0-4031-90EF-DC7DF03EC079}.Release|Any CPU.ActiveCfg = Release|Any CPU
		{3FD1FB4E-15D0-4031-90EF-DC7DF03EC079}.Release|Any CPU.Build.0 = Release|Any CPU
		{9EA5F4A2-9654-4D41-871D-479E879D25A4}.Debug|Any CPU.ActiveCfg = Debug|Any CPU
		{9EA5F4A2-9654-4D41-871D-479E879D25A4}.Debug|Any CPU.Build.0 = Debug|Any CPU
		{9EA5F4A2-9654-4D41-871D-479E879D25A4}.Release|Any CPU.ActiveCfg = Release|Any CPU
		{9EA5F4A2-9654-4D41-871D-479E879D25A4}.Release|Any CPU.Build.0 = Release|Any CPU
	EndGlobalSection
	GlobalSection(SolutionProperties) = preSolution
		HideSolutionNode = FALSE
	EndGlobalSection
	GlobalSection(ExtensibilityGlobals) = postSolution
		SolutionGuid = {BD535F1B-4BCB-4287-B00A-AC8C7D3B36C5}
	EndGlobalSection
EndGlobal
